
Microsoft Visual Studio Solution File, Format Version 12.00
# Visual Studio Version 17
VisualStudioVersion = 17.10.34916.146
MinimumVisualStudioVersion = 10.0.40219.1
Project("{FAE04EC0-301F-11D3-BF4B-00C04F79EFBC}") = "POETHRE", "POETHRE.csproj", "{223A3DF5-767D-49DA-BDEE-16EC4E20711C}"
EndProject
Global
	GlobalSection(SolutionConfigurationPlatforms) = preSolution
		Debug|Any CPU = Debug|Any CPU
		Release|Any CPU = Release|Any CPU
	EndGlobalSection
	GlobalSection(ProjectConfigurationPlatforms) = postSolution
		{223A3DF5-767D-49DA-BDEE-16EC4E20711C}.Debug|Any CPU.ActiveCfg = Debug|Any CPU
		{223A3DF5-767D-49DA-BDEE-16EC4E20711C}.Debug|Any CPU.Build.0 = Debug|Any CPU
		{223A3DF5-767D-49DA-BDEE-16EC4E20711C}.Release|Any CPU.ActiveCfg = Release|Any CPU
		{223A3DF5-767D-49DA-BDEE-16EC4E20711C}.Release|Any CPU.Build.0 = Release|Any CPU
	EndGlobalSection
	GlobalSection(SolutionProperties) = preSolution
		HideSolutionNode = FALSE
	EndGlobalSection
	GlobalSection(ExtensibilityGlobals) = postSolution
		SolutionGuid = {807F63A4-D7A0-4B3C-83BE-D42580785A2B}
	EndGlobalSection
EndGlobal
